// !$*UTF8*$!
{
	archiveVersion = 1;
	classes = {
	};
	objectVersion = 56;
	objects = {

/* Begin PBXBuildFile section */
		F41921242AFB7A8E0023C01B /* AppDelegate.swift in Sources */ = {isa = PBXBuildFile; fileRef = F41921232AFB7A8E0023C01B /* AppDelegate.swift */; };
		F41921262AFB7A8E0023C01B /* SceneDelegate.swift in Sources */ = {isa = PBXBuildFile; fileRef = F41921252AFB7A8E0023C01B /* SceneDelegate.swift */; };
		F41921282AFB7A8E0023C01B /* ViewController.swift in Sources */ = {isa = PBXBuildFile; fileRef = F41921272AFB7A8E0023C01B /* ViewController.swift */; };
		F419212B2AFB7A8E0023C01B /* Main.storyboard in Resources */ = {isa = PBXBuildFile; fileRef = F41921292AFB7A8E0023C01B /* Main.storyboard */; };
		F419212D2AFB7A8F0023C01B /* Assets.xcassets in Resources */ = {isa = PBXBuildFile; fileRef = F419212C2AFB7A8F0023C01B /* Assets.xcassets */; };
		F41921302AFB7A8F0023C01B /* LaunchScreen.storyboard in Resources */ = {isa = PBXBuildFile; fileRef = F419212E2AFB7A8F0023C01B /* LaunchScreen.storyboard */; };
		F41921382AFB7EC10023C01B /* MagnificationView.swift in Sources */ = {isa = PBXBuildFile; fileRef = F41921372AFB7EC10023C01B /* MagnificationView.swift */; };
		F48F00D72B034230009A648E /* kuma.png in Resources */ = {isa = PBXBuildFile; fileRef = F48F00D22B03422F009A648E /* kuma.png */; };
		F48F00D82B034230009A648E /* neko.png in Resources */ = {isa = PBXBuildFile; fileRef = F48F00D32B03422F009A648E /* neko.png */; };
		F48F00D92B034230009A648E /* usagi.png in Resources */ = {isa = PBXBuildFile; fileRef = F48F00D42B03422F009A648E /* usagi.png */; };
		F48F00DA2B034230009A648E /* buta.png in Resources */ = {isa = PBXBuildFile; fileRef = F48F00D52B034230009A648E /* buta.png */; };
		F48F00DB2B034230009A648E /* inu.png in Resources */ = {isa = PBXBuildFile; fileRef = F48F00D62B034230009A648E /* inu.png */; };
/* End PBXBuildFile section */

/* Begin PBXFileReference section */
		F41921202AFB7A8E0023C01B /* SlideshowApp.app */ = {isa = PBXFileReference; explicitFileType = wrapper.application; includeInIndex = 0; path = SlideshowApp.app; sourceTree = BUILT_PRODUCTS_DIR; };
		F41921232AFB7A8E0023C01B /* AppDelegate.swift */ = {isa = PBXFileReference; lastKnownFileType = sourcecode.swift; path = AppDelegate.swift; sourceTree = "<group>"; };
		F41921252AFB7A8E0023C01B /* SceneDelegate.swift */ = {isa = PBXFileReference; lastKnownFileType = sourcecode.swift; path = SceneDelegate.swift; sourceTree = "<group>"; };
		F41921272AFB7A8E0023C01B /* ViewController.swift */ = {isa = PBXFileReference; lastKnownFileType = sourcecode.swift; path = ViewController.swift; sourceTree = "<group>"; };
		F419212A2AFB7A8E0023C01B /* Base */ = {isa = PBXFileReference; lastKnownFileType = file.storyboard; name = Base; path = Base.lproj/Main.storyboard; sourceTree = "<group>"; };
		F419212C2AFB7A8F0023C01B /* Assets.xcassets */ = {isa = PBXFileReference; lastKnownFileType = folder.assetcatalog; path = Assets.xcassets; sourceTree = "<group>"; };
		F419212F2AFB7A8F0023C01B /* Base */ = {isa = PBXFileReference; lastKnownFileType = file.storyboard; name = Base; path = Base.lproj/LaunchScreen.storyboard; sourceTree = "<group>"; };
		F41921312AFB7A8F0023C01B /* Info.plist */ = {isa = PBXFileReference; lastKnownFileType = text.plist.xml; path = Info.plist; sourceTree = "<group>"; };
		F41921372AFB7EC10023C01B /* MagnificationView.swift */ = {isa = PBXFileReference; lastKnownFileType = sourcecode.swift; path = MagnificationView.swift; sourceTree = "<group>"; };
		F48F00D22B03422F009A648E /* kuma.png */ = {isa = PBXFileReference; lastKnownFileType = image.png; path = kuma.png; sourceTree = "<group>"; };
		F48F00D32B03422F009A648E /* neko.png */ = {isa = PBXFileReference; lastKnownFileType = image.png; path = neko.png; sourceTree = "<group>"; };
		F48F00D42B03422F009A648E /* usagi.png */ = {isa = PBXFileReference; lastKnownFileType = image.png; path = usagi.png; sourceTree = "<group>"; };
		F48F00D52B034230009A648E /* buta.png */ = {isa = PBXFileReference; lastKnownFileType = image.png; path = buta.png; sourceTree = "<group>"; };
		F48F00D62B034230009A648E /* inu.png */ = {isa = PBXFileReference; lastKnownFileType = image.png; path = inu.png; sourceTree = "<group>"; };
/* End PBXFileReference section */

/* Begin PBXFrameworksBuildPhase section */
		F419211D2AFB7A8E0023C01B /* Frameworks */ = {
			isa = PBXFrameworksBuildPhase;
			buildActionMask = 2147483647;
			files = (
			);
			runOnlyForDeploymentPostprocessing = 0;
		};
/* End PBXFrameworksBuildPhase section */

/* Begin PBXGroup section */
		F41921172AFB7A8E0023C01B = {
			isa = PBXGroup;
			children = (
				F41921222AFB7A8E0023C01B /* SlideshowApp */,
				F41921212AFB7A8E0023C01B /* Products */,
			);
			sourceTree = "<group>";
		};
		F41921212AFB7A8E0023C01B /* Products */ = {
			isa = PBXGroup;
			children = (
				F41921202AFB7A8E0023C01B /* SlideshowApp.app */,
			);
			name = Products;
			sourceTree = "<group>";
		};
		F41921222AFB7A8E0023C01B /* SlideshowApp */ = {
			isa = PBXGroup;
			children = (
				F41921232AFB7A8E0023C01B /* AppDelegate.swift */,
				F41921252AFB7A8E0023C01B /* SceneDelegate.swift */,
				F41921272AFB7A8E0023C01B /* ViewController.swift */,
				F41921372AFB7EC10023C01B /* MagnificationView.swift */,
				F41921292AFB7A8E0023C01B /* Main.storyboard */,
				F419212C2AFB7A8F0023C01B /* Assets.xcassets */,
				F419212E2AFB7A8F0023C01B /* LaunchScreen.storyboard */,
				F41921312AFB7A8F0023C01B /* Info.plist */,
				F48F00D52B034230009A648E /* buta.png */,
				F48F00D62B034230009A648E /* inu.png */,
				F48F00D22B03422F009A648E /* kuma.png */,
				F48F00D32B03422F009A648E /* neko.png */,
				F48F00D42B03422F009A648E /* usagi.png */,
			);
			path = SlideshowApp;
			sourceTree = "<group>";
		};
/* End PBXGroup section */

/* Begin PBXNativeTarget section */
		F419211F2AFB7A8E0023C01B /* SlideshowApp */ = {
			isa = PBXNativeTarget;
			buildConfigurationList = F41921342AFB7A8F0023C01B /* Build configuration list for PBXNativeTarget "SlideshowApp" */;
			buildPhases = (
				F419211C2AFB7A8E0023C01B /* Sources */,
				F419211D2AFB7A8E0023C01B /* Frameworks */,
				F419211E2AFB7A8E0023C01B /* Resources */,
			);
			buildRules = (
			);
			dependencies = (
			);
			name = SlideshowApp;
			productName = SlideshowApp;
			productReference = F41921202AFB7A8E0023C01B /* SlideshowApp.app */;
			productType = "com.apple.product-type.application";
		};
/* End PBXNativeTarget section */

/* Begin PBXProject section */
		F41921182AFB7A8E0023C01B /* Project object */ = {
			isa = PBXProject;
			attributes = {
				BuildIndependentTargetsInParallel = 1;
				LastSwiftUpdateCheck = 1500;
				LastUpgradeCheck = 1500;
				TargetAttributes = {
					F419211F2AFB7A8E0023C01B = {
						CreatedOnToolsVersion = 15.0;
					};
				};
			};
			buildConfigurationList = F419211B2AFB7A8E0023C01B /* Build configuration list for PBXProject "SlideshowApp" */;
			compatibilityVersion = "Xcode 14.0";
			developmentRegion = en;
			hasScannedForEncodings = 0;
			knownRegions = (
				en,
				Base,
			);
			mainGroup = F41921172AFB7A8E0023C01B;
			productRefGroup = F41921212AFB7A8E0023C01B /* Products */;
			projectDirPath = "";
			projectRoot = "";
			targets = (
				F419211F2AFB7A8E0023C01B /* SlideshowApp */,
			);
		};
/* End PBXProject section */

/* Begin PBXResourcesBuildPhase section */
		F419211E2AFB7A8E0023C01B /* Resources */ = {
			isa = PBXResourcesBuildPhase;
			buildActionMask = 2147483647;
			files = (
				F48F00DA2B034230009A648E /* buta.png in Resources */,
				F48F00D92B034230009A648E /* usagi.png in Resources */,
				F48F00D82B034230009A648E /* neko.png in Resources */,
				F41921302AFB7A8F0023C01B /* LaunchScreen.storyboard in Resources */,
				F419212D2AFB7A8F0023C01B /* Assets.xcassets in Resources */,
				F48F00D72B034230009A648E /* kuma.png in Resources */,
				F419212B2AFB7A8E0023C01B /* Main.storyboard in Resources */,
				F48F00DB2B034230009A648E /* inu.png in Resources */,
			);
			runOnlyForDeploymentPostprocessing = 0;
		};
/* End PBXResourcesBuildPhase section */

/* Begin PBXSourcesBuildPhase section */
		F419211C2AFB7A8E0023C01B /* Sources */ = {
			isa = PBXSourcesBuildPhase;
			buildActionMask = 2147483647;
			files = (
				F41921282AFB7A8E0023C01B /* ViewController.swift in Sources */,
				F41921242AFB7A8E0023C01B /* AppDelegate.swift in Sources */,
				F41921382AFB7EC10023C01B /* MagnificationView.swift in Sources */,
				F41921262AFB7A8E0023C01B /* SceneDelegate.swift in Sources */,
			);
			runOnlyForDeploymentPostprocessing = 0;
		};
/* End PBXSourcesBuildPhase section */

/* Begin PBXVariantGroup section */
		F41921292AFB7A8E0023C01B /* Main.storyboard */ = {
			isa = PBXVariantGroup;
			children = (
				F419212A2AFB7A8E0023C01B /* Base */,
			);
			name = Main.storyboard;
			sourceTree = "<group>";
		};
		F419212E2AFB7A8F0023C01B /* LaunchScreen.storyboard */ = {
			isa = PBXVariantGroup;
			children = (
				F419212F2AFB7A8F0023C01B /* Base */,
			);
			name = LaunchScreen.storyboard;
			sourceTree = "<group>";
		};
/* End PBXVariantGroup section */

/* Begin XCBuildConfiguration section */
		F41921322AFB7A8F0023C01B /* Debug */ = {
			isa = XCBuildConfiguration;
			buildSettings = {
				ALWAYS_SEARCH_USER_PATHS = NO;
				ASSETCATALOG_COMPILER_GENERATE_SWIFT_ASSET_SYMBOL_EXTENSIONS = YES;
				CLANG_ANALYZER_NONNULL = YES;
				CLANG_ANALYZER_NUMBER_OBJECT_CONVERSION = YES_AGGRESSIVE;
				CLANG_CXX_LANGUAGE_STANDARD = "gnu++20";
				CLANG_ENABLE_MODULES = YES;
				CLANG_ENABLE_OBJC_ARC = YES;
				CLANG_ENABLE_OBJC_WEAK = YES;
				CLANG_WARN_BLOCK_CAPTURE_AUTORELEASING = YES;
				CLANG_WARN_BOOL_CONVERSION = YES;
				CLANG_WARN_COMMA = YES;
				CLANG_WARN_CONSTANT_CONVERSION = YES;
				CLANG_WARN_DEPRECATED_OBJC_IMPLEMENTATIONS = YES;
				CLANG_WARN_DIRECT_OBJC_ISA_USAGE = YES_ERROR;
				CLANG_WARN_DOCUMENTATION_COMMENTS = YES;
				CLANG_WARN_EMPTY_BODY = YES;
				CLANG_WARN_ENUM_CONVERSION = YES;
				CLANG_WARN_INFINITE_RECURSION = YES;
				CLANG_WARN_INT_CONVERSION = YES;
				CLANG_WARN_NON_LITERAL_NULL_CONVERSION = YES;
				CLANG_WARN_OBJC_IMPLICIT_RETAIN_SELF = YES;
				CLANG_WARN_OBJC_LITERAL_CONVERSION = YES;
				CLANG_WARN_OBJC_ROOT_CLASS = YES_ERROR;
				CLANG_WARN_QUOTED_INCLUDE_IN_FRAMEWORK_HEADER = YES;
				CLANG_WARN_RANGE_LOOP_ANALYSIS = YES;
				CLANG_WARN_STRICT_PROTOTYPES = YES;
				CLANG_WARN_SUSPICIOUS_MOVE = YES;
				CLANG_WARN_UNGUARDED_AVAILABILITY = YES_AGGRESSIVE;
				CLANG_WARN_UNREACHABLE_CODE = YES;
				CLANG_WARN__DUPLICATE_METHOD_MATCH = YES;
				COPY_PHASE_STRIP = NO;
				DEBUG_INFORMATION_FORMAT = dwarf;
				ENABLE_STRICT_OBJC_MSGSEND = YES;
				ENABLE_TESTABILITY = YES;
				ENABLE_USER_SCRIPT_SANDBOXING = YES;
				GCC_C_LANGUAGE_STANDARD = gnu17;
				GCC_DYNAMIC_NO_PIC = NO;
				GCC_NO_COMMON_BLOCKS = YES;
				GCC_OPTIMIZATION_LEVEL = 0;
				GCC_PREPROCESSOR_DEFINITIONS = (
					"DEBUG=1",
					"$(inherited)",
				);
				GCC_WARN_64_TO_32_BIT_CONVERSION = YES;
				GCC_WARN_ABOUT_RETURN_TYPE = YES_ERROR;
				GCC_WARN_UNDECLARED_SELECTOR = YES;
				GCC_WARN_UNINITIALIZED_AUTOS = YES_AGGRESSIVE;
				GCC_WARN_UNUSED_FUNCTION = YES;
				GCC_WARN_UNUSED_VARIABLE = YES;
				IPHONEOS_DEPLOYMENT_TARGET = 17.0;
				LOCALIZATION_PREFERS_STRING_CATALOGS = YES;
				MTL_ENABLE_DEBUG_INFO = INCLUDE_SOURCE;
				MTL_FAST_MATH = YES;
				ONLY_ACTIVE_ARCH = YES;
				SDKROOT = iphoneos;
				SWIFT_ACTIVE_COMPILATION_CONDITIONS = "DEBUG $(inherited)";
				SWIFT_OPTIMIZATION_LEVEL = "-Onone";
			};
			name = Debug;
		};
		F41921332AFB7A8F0023C01B /* Release */ = {
			isa = XCBuildConfiguration;
			buildSettings = {
				ALWAYS_SEARCH_USER_PATHS = NO;
				ASSETCATALOG_COMPILER_GENERATE_SWIFT_ASSET_SYMBOL_EXTENSIONS = YES;
				CLANG_ANALYZER_NONNULL = YES;
				CLANG_ANALYZER_NUMBER_OBJECT_CONVERSION = YES_AGGRESSIVE;
				CLANG_CXX_LANGUAGE_STANDARD = "gnu++20";
				CLANG_ENABLE_MODULES = YES;
				CLANG_ENABLE_OBJC_ARC = YES;
				CLANG_ENABLE_OBJC_WEAK = YES;
				CLANG_WARN_BLOCK_CAPTURE_AUTORELEASING = YES;
				CLANG_WARN_BOOL_CONVERSION = YES;
				CLANG_WARN_COMMA = YES;
				CLANG_WARN_CONSTANT_CONVERSION = YES;
				CLANG_WARN_DEPRECATED_OBJC_IMPLEMENTATIONS = YES;
				CLANG_WARN_DIRECT_OBJC_ISA_USAGE = YES_ERROR;
				CLANG_WARN_DOCUMENTATION_COMMENTS = YES;
				CLANG_WARN_EMPTY_BODY = YES;
				CLANG_WARN_ENUM_CONVERSION = YES;
				CLANG_WARN_INFINITE_RECURSION = YES;
				CLANG_WARN_INT_CONVERSION = YES;
				CLANG_WARN_NON_LITERAL_NULL_CONVERSION = YES;
				CLANG_WARN_OBJC_IMPLICIT_RETAIN_SELF = YES;
				CLANG_WARN_OBJC_LITERAL_CONVERSION = YES;
				CLANG_WARN_OBJC_ROOT_CLASS = YES_ERROR;
				CLANG_WARN_QUOTED_INCLUDE_IN_FRAMEWORK_HEADER = YES;
				CLANG_WARN_RANGE_LOOP_ANALYSIS = YES;
				CLANG_WARN_STRICT_PROTOTYPES = YES;
				CLANG_WARN_SUSPICIOUS_MOVE = YES;
				CLANG_WARN_UNGUARDED_AVAILABILITY = YES_AGGRESSIVE;
				CLANG_WARN_UNREACHABLE_CODE = YES;
				CLANG_WARN__DUPLICATE_METHOD_MATCH = YES;
				COPY_PHASE_STRIP = NO;
				DEBUG_INFORMATION_FORMAT = "dwarf-with-dsym";
				ENABLE_NS_ASSERTIONS = NO;
				ENABLE_STRICT_OBJC_MSGSEND = YES;
				ENABLE_USER_SCRIPT_SANDBOXING = YES;
				GCC_C_LANGUAGE_STANDARD = gnu17;
				GCC_NO_COMMON_BLOCKS = YES;
				GCC_WARN_64_TO_32_BIT_CONVERSION = YES;
				GCC_WARN_ABOUT_RETURN_TYPE = YES_ERROR;
				GCC_WARN_UNDECLARED_SELECTOR = YES;
				GCC_WARN_UNINITIALIZED_AUTOS = YES_AGGRESSIVE;
				GCC_WARN_UNUSED_FUNCTION = YES;
				GCC_WARN_UNUSED_VARIABLE = YES;
				IPHONEOS_DEPLOYMENT_TARGET = 17.0;
				LOCALIZATION_PREFERS_STRING_CATALOGS = YES;
				MTL_ENABLE_DEBUG_INFO = NO;
				MTL_FAST_MATH = YES;
				SDKROOT = iphoneos;
				SWIFT_COMPILATION_MODE = wholemodule;
				VALIDATE_PRODUCT = YES;
			};
			name = Release;
		};
		F41921352AFB7A8F0023C01B /* Debug */ = {
			isa = XCBuildConfiguration;
			buildSettings = {
				ASSETCATALOG_COMPILER_APPICON_NAME = AppIcon;
				ASSETCATALOG_COMPILER_GLOBAL_ACCENT_COLOR_NAME = AccentColor;
				CODE_SIGN_STYLE = Automatic;
				CURRENT_PROJECT_VERSION = 1;
				DEVELOPMENT_TEAM = L53BR2LKD8;
				GENERATE_INFOPLIST_FILE = YES;
				INFOPLIST_FILE = SlideshowApp/Info.plist;
				INFOPLIST_KEY_UIApplicationSupportsIndirectInputEvents = YES;
				INFOPLIST_KEY_UILaunchStoryboardName = LaunchScreen;
				INFOPLIST_KEY_UIMainStoryboardFile = Main;
				INFOPLIST_KEY_UISupportedInterfaceOrientations_iPad = "UIInterfaceOrientationPortrait UIInterfaceOrientationPortraitUpsideDown UIInterfaceOrientationLandscapeLeft UIInterfaceOrientationLandscapeRight";
				INFOPLIST_KEY_UISupportedInterfaceOrientations_iPhone = "UIInterfaceOrientationPortrait UIInterfaceOrientationLandscapeLeft UIInterfaceOrientationLandscapeRight";
				LD_RUNPATH_SEARCH_PATHS = (
					"$(inherited)",
					"@executable_path/Frameworks",
				);
				MARKETING_VERSION = 1.0;
				PRODUCT_BUNDLE_IDENTIFIER = NAJP.YF010.SlideshowApp;
				PRODUCT_NAME = "$(TARGET_NAME)";
				SWIFT_EMIT_LOC_STRINGS = YES;
				SWIFT_VERSION = 5.0;
				TARGETED_DEVICE_FAMILY = "1,2";
			};
			name = Debug;
		};
		F41921362AFB7A8F0023C01B /* Release */ = {
			isa = XCBuildConfiguration;
			buildSettings = {
				ASSETCATALOG_COMPILER_APPICON_NAME = AppIcon;
				ASSETCATALOG_COMPILER_GLOBAL_ACCENT_COLOR_NAME = AccentColor;
				CODE_SIGN_STYLE = Automatic;
				CURRENT_PROJECT_VERSION = 1;
				DEVELOPMENT_TEAM = L53BR2LKD8;
				GENERATE_INFOPLIST_FILE = YES;
				INFOPLIST_FILE = SlideshowApp/Info.plist;
				INFOPLIST_KEY_UIApplicationSupportsIndirectInputEvents = YES;
				INFOPLIST_KEY_UILaunchStoryboardName = LaunchScreen;
				INFOPLIST_KEY_UIMainStoryboardFile = Main;
				INFOPLIST_KEY_UISupportedInterfaceOrientations_iPad = "UIInterfaceOrientationPortrait UIInterfaceOrientationPortraitUpsideDown UIInterfaceOrientationLandscapeLeft UIInterfaceOrientationLandscapeRight";
				INFOPLIST_KEY_UISupportedInterfaceOrientations_iPhone = "UIInterfaceOrientationPortrait UIInterfaceOrientationLandscapeLeft UIInterfaceOrientationLandscapeRight";
				LD_RUNPATH_SEARCH_PATHS = (
					"$(inherited)",
					"@executable_path/Frameworks",
				);
				MARKETING_VERSION = 1.0;
				PRODUCT_BUNDLE_IDENTIFIER = NAJP.YF010.SlideshowApp;
				PRODUCT_NAME = "$(TARGET_NAME)";
				SWIFT_EMIT_LOC_STRINGS = YES;
				SWIFT_VERSION = 5.0;
				TARGETED_DEVICE_FAMILY = "1,2";
			};
			name = Release;
		};
/* End XCBuildConfiguration section */

/* Begin XCConfigurationList section */
		F419211B2AFB7A8E0023C01B /* Build configuration list for PBXProject "SlideshowApp" */ = {
			isa = XCConfigurationList;
			buildConfigurations = (
				F41921322AFB7A8F0023C01B /* Debug */,
				F41921332AFB7A8F0023C01B /* Release */,
			);
			defaultConfigurationIsVisible = 0;
			defaultConfigurationName = Release;
		};
		F41921342AFB7A8F0023C01B /* Build configuration list for PBXNativeTarget "SlideshowApp" */ = {
			isa = XCConfigurationList;
			buildConfigurations = (
				F41921352AFB7A8F0023C01B /* Debug */,
				F41921362AFB7A8F0023C01B /* Release */,
			);
			defaultConfigurationIsVisible = 0;
			defaultConfigurationName = Release;
		};
/* End XCConfigurationList section */
	};
	rootObject = F41921182AFB7A8E0023C01B /* Project object */;
}
